
Microsoft Visual Studio Solution File, Format Version 12.00
# Visual Studio Version 16
VisualStudioVersion = 16.0.30907.101
MinimumVisualStudioVersion = 10.0.40219.1
Project("{FAE04EC0-301F-11D3-BF4B-00C04F79EFBC}") = "NETTraining", "NETTraining\NETTraining.csproj", "{3D2FEC2F-1C22-4BB7-9764-337481C6118A}"
EndProject
Global
	GlobalSection(SolutionConfigurationPlatforms) = preSolution
		Debug|Any CPU = Debug|Any CPU
		Release|Any CPU = Release|Any CPU
	EndGlobalSection
	GlobalSection(ProjectConfigurationPlatforms) = postSolution
		{3D2FEC2F-1C22-4BB7-9764-337481C6118A}.Debug|Any CPU.ActiveCfg = Debug|Any CPU
		{3D2FEC2F-1C22-4BB7-9764-337481C6118A}.Debug|Any CPU.Build.0 = Debug|Any CPU
		{3D2FEC2F-1C22-4BB7-9764-337481C6118A}.Release|Any CPU.ActiveCfg = Release|Any CPU
		{3D2FEC2F-1C22-4BB7-9764-337481C6118A}.Release|Any CPU.Build.0 = Release|Any CPU
	EndGlobalSection
	GlobalSection(SolutionProperties) = preSolution
		HideSolutionNode = FALSE
	EndGlobalSection
	GlobalSection(ExtensibilityGlobals) = postSolution
		SolutionGuid = {677375F9-A723-4C09-BAAC-9FC5D13B5B2F}
	EndGlobalSection
EndGlobal
